
Microsoft Visual Studio Solution File, Format Version 12.00
# Visual Studio Version 17
VisualStudioVersion = 17.14.36109.1 d17.14
MinimumVisualStudioVersion = 10.0.40219.1
Project("{FAE04EC0-301F-11D3-BF4B-00C04F79EFBC}") = "ASP_NET_Core_Base_HomeWork_Lesson004", "ASP_NET_Core_Base_HomeWork_Lesson004\ASP_NET_Core_Base_HomeWork_Lesson004.csproj", "{9343F21D-AC1F-42E8-A31A-B9FF72CAEC99}"
EndProject
Global
	GlobalSection(SolutionConfigurationPlatforms) = preSolution
		Debug|Any CPU = Debug|Any CPU
		Release|Any CPU = Release|Any CPU
	EndGlobalSection
	GlobalSection(ProjectConfigurationPlatforms) = postSolution
		{9343F21D-AC1F-42E8-A31A-B9FF72CAEC99}.Debug|Any CPU.ActiveCfg = Debug|Any CPU
		{9343F21D-AC1F-42E8-A31A-B9FF72CAEC99}.Debug|Any CPU.Build.0 = Debug|Any CPU
		{9343F21D-AC1F-42E8-A31A-B9FF72CAEC99}.Release|Any CPU.ActiveCfg = Release|Any CPU
		{9343F21D-AC1F-42E8-A31A-B9FF72CAEC99}.Release|Any CPU.Build.0 = Release|Any CPU
	EndGlobalSection
	GlobalSection(SolutionProperties) = preSolution
		HideSolutionNode = FALSE
	EndGlobalSection
	GlobalSection(ExtensibilityGlobals) = postSolution
		SolutionGuid = {B9050547-C85A-4C20-887B-DDF4A0F9C500}
	EndGlobalSection
EndGlobal
